{
  "originHash" : "d32b2af4166f93daf367d58fe94ee784347f77b1316b1ac4ad350fb4a26b3d50",
  "pins" : [
    {
      "identity" : "appupdater",
      "kind" : "remoteSourceControl",
      "location" : "https://github.com/mxcl/AppUpdater",
      "state" : {
        "revision" : "c92b0916637ff74982692322faaaf1bdb700b1d7",
        "version" : "2.1.1"
      }
    },
    {
      "identity" : "version",
      "kind" : "remoteSourceControl",
      "location" : "https://github.com/mxcl/Version",
      "state" : {
        "revision" : "3043fcd2a50375db76d89ff206a612471833d1c2",
        "version" : "2.2.1"
      }
    }
  ],
  "version" : 3
}
